
Microsoft Visual Studio Solution File, Format Version 12.00
# Visual Studio Version 17
VisualStudioVersion = 17.0.31912.275
MinimumVisualStudioVersion = 10.0.40219.1
Project("{9A19103F-16F7-4668-BE54-9A1E7A4F7556}") = "Log.Data", "Log.Data\Log.Data.csproj", "{E4467465-60BF-4CF8-9EF6-9BB0ABDB8849}"
EndProject
Project("{9A19103F-16F7-4668-BE54-9A1E7A4F7556}") = "Log.Core", "Log.Core\Log.Core.csproj", "{1BB2FA27-3402-44C7-936C-F850B59E2C6A}"
EndProject
Project("{9A19103F-16F7-4668-BE54-9A1E7A4F7556}") = "Log.Framework", "Log.Framework\Log.Framework.csproj", "{0287D3C5-8CA6-4A2F-B46E-31D5BE934720}"
EndProject
Project("{9A19103F-16F7-4668-BE54-9A1E7A4F7556}") = "Interface.Log", "Interface.Log\Interface.Log.csproj", "{481F84E7-488F-4276-AED8-6479CC65DD5F}"
EndProject
Project("{9A19103F-16F7-4668-BE54-9A1E7A4F7556}") = "CommonCore", "..\CommonCore\CommonCore.csproj", "{9BA33B3B-897B-44C5-9A86-EF657FFE0F34}"
EndProject
Project("{9A19103F-16F7-4668-BE54-9A1E7A4F7556}") = "Purger", "Purger\Purger.csproj", "{AADB2E53-D976-4E67-8FA5-0353FC058C4A}"
EndProject
Project("{9A19103F-16F7-4668-BE54-9A1E7A4F7556}") = "LogAPI", "LogAPI\LogAPI.csproj", "{99A7C84B-4127-44A6-A37A-79B8B6AD1437}"
EndProject
Project("{00D1A9C2-B5F0-4AF3-8072-F6C62B433612}") = "Database", "Database\Database.sqlproj", "{CAFBDD4D-C3C4-420B-AB95-5002BCEDC6A2}"
EndProject
Project("{9A19103F-16F7-4668-BE54-9A1E7A4F7556}") = "CommonAPI", "..\CommonAPI\CommonAPI.csproj", "{965BAD32-E997-4259-8656-7E0C87FD7C90}"
EndProject
Project("{9A19103F-16F7-4668-BE54-9A1E7A4F7556}") = "Extensions.Logging", "Extensions.Logging\Extensions.Logging.csproj", "{CB3A395F-F2D3-4AF9-A00D-608A68CB039F}"
EndProject
Project("{9A19103F-16F7-4668-BE54-9A1E7A4F7556}") = "TestClient", "TestClient\TestClient.csproj", "{5E45E7FE-7F36-4959-8C7B-2783650C8445}"
EndProject
Project("{FAE04EC0-301F-11D3-BF4B-00C04F79EFBC}") = "LogRPC", "LogRPC\LogRPC.csproj", "{C208600E-0FC7-4DF4-B951-F0EBCE943482}"
EndProject
Global
	GlobalSection(SolutionConfigurationPlatforms) = preSolution
		Debug|Any CPU = Debug|Any CPU
		Release|Any CPU = Release|Any CPU
	EndGlobalSection
	GlobalSection(ProjectConfigurationPlatforms) = postSolution
		{E4467465-60BF-4CF8-9EF6-9BB0ABDB8849}.Debug|Any CPU.ActiveCfg = Debug|Any CPU
		{E4467465-60BF-4CF8-9EF6-9BB0ABDB8849}.Debug|Any CPU.Build.0 = Debug|Any CPU
		{E4467465-60BF-4CF8-9EF6-9BB0ABDB8849}.Release|Any CPU.ActiveCfg = Release|Any CPU
		{E4467465-60BF-4CF8-9EF6-9BB0ABDB8849}.Release|Any CPU.Build.0 = Release|Any CPU
		{1BB2FA27-3402-44C7-936C-F850B59E2C6A}.Debug|Any CPU.ActiveCfg = Debug|Any CPU
		{1BB2FA27-3402-44C7-936C-F850B59E2C6A}.Debug|Any CPU.Build.0 = Debug|Any CPU
		{1BB2FA27-3402-44C7-936C-F850B59E2C6A}.Release|Any CPU.ActiveCfg = Release|Any CPU
		{1BB2FA27-3402-44C7-936C-F850B59E2C6A}.Release|Any CPU.Build.0 = Release|Any CPU
		{0287D3C5-8CA6-4A2F-B46E-31D5BE934720}.Debug|Any CPU.ActiveCfg = Debug|Any CPU
		{0287D3C5-8CA6-4A2F-B46E-31D5BE934720}.Debug|Any CPU.Build.0 = Debug|Any CPU
		{0287D3C5-8CA6-4A2F-B46E-31D5BE934720}.Release|Any CPU.ActiveCfg = Release|Any CPU
		{0287D3C5-8CA6-4A2F-B46E-31D5BE934720}.Release|Any CPU.Build.0 = Release|Any CPU
		{481F84E7-488F-4276-AED8-6479CC65DD5F}.Debug|Any CPU.ActiveCfg = Debug|Any CPU
		{481F84E7-488F-4276-AED8-6479CC65DD5F}.Debug|Any CPU.Build.0 = Debug|Any CPU
		{481F84E7-488F-4276-AED8-6479CC65DD5F}.Release|Any CPU.ActiveCfg = Release|Any CPU
		{481F84E7-488F-4276-AED8-6479CC65DD5F}.Release|Any CPU.Build.0 = Release|Any CPU
		{9BA33B3B-897B-44C5-9A86-EF657FFE0F34}.Debug|Any CPU.ActiveCfg = Debug|Any CPU
		{9BA33B3B-897B-44C5-9A86-EF657FFE0F34}.Debug|Any CPU.Build.0 = Debug|Any CPU
		{9BA33B3B-897B-44C5-9A86-EF657FFE0F34}.Release|Any CPU.ActiveCfg = Release|Any CPU
		{9BA33B3B-897B-44C5-9A86-EF657FFE0F34}.Release|Any CPU.Build.0 = Release|Any CPU
		{AADB2E53-D976-4E67-8FA5-0353FC058C4A}.Debug|Any CPU.ActiveCfg = Debug|Any CPU
		{AADB2E53-D976-4E67-8FA5-0353FC058C4A}.Debug|Any CPU.Build.0 = Debug|Any CPU
		{AADB2E53-D976-4E67-8FA5-0353FC058C4A}.Release|Any CPU.ActiveCfg = Release|Any CPU
		{AADB2E53-D976-4E67-8FA5-0353FC058C4A}.Release|Any CPU.Build.0 = Release|Any CPU
		{99A7C84B-4127-44A6-A37A-79B8B6AD1437}.Debug|Any CPU.ActiveCfg = Debug|Any CPU
		{99A7C84B-4127-44A6-A37A-79B8B6AD1437}.Debug|Any CPU.Build.0 = Debug|Any CPU
		{99A7C84B-4127-44A6-A37A-79B8B6AD1437}.Release|Any CPU.ActiveCfg = Release|Any CPU
		{99A7C84B-4127-44A6-A37A-79B8B6AD1437}.Release|Any CPU.Build.0 = Release|Any CPU
		{CAFBDD4D-C3C4-420B-AB95-5002BCEDC6A2}.Debug|Any CPU.ActiveCfg = Debug|Any CPU
		{CAFBDD4D-C3C4-420B-AB95-5002BCEDC6A2}.Debug|Any CPU.Deploy.0 = Debug|Any CPU
		{CAFBDD4D-C3C4-420B-AB95-5002BCEDC6A2}.Release|Any CPU.ActiveCfg = Release|Any CPU
		{CAFBDD4D-C3C4-420B-AB95-5002BCEDC6A2}.Release|Any CPU.Deploy.0 = Release|Any CPU
		{965BAD32-E997-4259-8656-7E0C87FD7C90}.Debug|Any CPU.ActiveCfg = Debug|Any CPU
		{965BAD32-E997-4259-8656-7E0C87FD7C90}.Debug|Any CPU.Build.0 = Debug|Any CPU
		{965BAD32-E997-4259-8656-7E0C87FD7C90}.Release|Any CPU.ActiveCfg = Release|Any CPU
		{965BAD32-E997-4259-8656-7E0C87FD7C90}.Release|Any CPU.Build.0 = Release|Any CPU
		{CB3A395F-F2D3-4AF9-A00D-608A68CB039F}.Debug|Any CPU.ActiveCfg = Debug|Any CPU
		{CB3A395F-F2D3-4AF9-A00D-608A68CB039F}.Debug|Any CPU.Build.0 = Debug|Any CPU
		{CB3A395F-F2D3-4AF9-A00D-608A68CB039F}.Release|Any CPU.ActiveCfg = Release|Any CPU
		{CB3A395F-F2D3-4AF9-A00D-608A68CB039F}.Release|Any CPU.Build.0 = Release|Any CPU
		{5E45E7FE-7F36-4959-8C7B-2783650C8445}.Debug|Any CPU.ActiveCfg = Debug|Any CPU
		{5E45E7FE-7F36-4959-8C7B-2783650C8445}.Debug|Any CPU.Build.0 = Debug|Any CPU
		{5E45E7FE-7F36-4959-8C7B-2783650C8445}.Release|Any CPU.ActiveCfg = Release|Any CPU
		{5E45E7FE-7F36-4959-8C7B-2783650C8445}.Release|Any CPU.Build.0 = Release|Any CPU
		{C208600E-0FC7-4DF4-B951-F0EBCE943482}.Debug|Any CPU.ActiveCfg = Debug|Any CPU
		{C208600E-0FC7-4DF4-B951-F0EBCE943482}.Debug|Any CPU.Build.0 = Debug|Any CPU
		{C208600E-0FC7-4DF4-B951-F0EBCE943482}.Release|Any CPU.ActiveCfg = Release|Any CPU
		{C208600E-0FC7-4DF4-B951-F0EBCE943482}.Release|Any CPU.Build.0 = Release|Any CPU
	EndGlobalSection
	GlobalSection(SolutionProperties) = preSolution
		HideSolutionNode = FALSE
	EndGlobalSection
	GlobalSection(ExtensibilityGlobals) = postSolution
		SolutionGuid = {29FBD7C3-9024-4ECC-A5E0-1050066FD8AF}
	EndGlobalSection
EndGlobal
