
Microsoft Visual Studio Solution File, Format Version 12.00
# Visual Studio Version 16
VisualStudioVersion = 16.0.30309.148
MinimumVisualStudioVersion = 10.0.40219.1
Project("{00D1A9C2-B5F0-4AF3-8072-F6C62B433612}") = "Database", "Database\Database.sqlproj", "{745871BF-1E6E-4309-AA6B-05F7C436C772}"
EndProject
Global
	GlobalSection(SolutionConfigurationPlatforms) = preSolution
		Debug|Any CPU = Debug|Any CPU
		Release|Any CPU = Release|Any CPU
	EndGlobalSection
	GlobalSection(ProjectConfigurationPlatforms) = postSolution
		{745871BF-1E6E-4309-AA6B-05F7C436C772}.Debug|Any CPU.ActiveCfg = Debug|Any CPU
		{745871BF-1E6E-4309-AA6B-05F7C436C772}.Debug|Any CPU.Build.0 = Debug|Any CPU
		{745871BF-1E6E-4309-AA6B-05F7C436C772}.Debug|Any CPU.Deploy.0 = Debug|Any CPU
		{745871BF-1E6E-4309-AA6B-05F7C436C772}.Release|Any CPU.ActiveCfg = Release|Any CPU
		{745871BF-1E6E-4309-AA6B-05F7C436C772}.Release|Any CPU.Build.0 = Release|Any CPU
		{745871BF-1E6E-4309-AA6B-05F7C436C772}.Release|Any CPU.Deploy.0 = Release|Any CPU
	EndGlobalSection
	GlobalSection(SolutionProperties) = preSolution
		HideSolutionNode = FALSE
	EndGlobalSection
	GlobalSection(ExtensibilityGlobals) = postSolution
		SolutionGuid = {B0F943E0-ED8E-41E9-8D54-2C52C4DDC46A}
	EndGlobalSection
EndGlobal
