
Microsoft Visual Studio Solution File, Format Version 12.00
# Visual Studio Version 17
VisualStudioVersion = 17.0.31912.275
MinimumVisualStudioVersion = 10.0.40219.1
Project("{9A19103F-16F7-4668-BE54-9A1E7A4F7556}") = "Config.Data", "Config.Data\Config.Data.csproj", "{1E81E6C6-C0BC-4C91-AE8E-2B40F81FF562}"
EndProject
Project("{9A19103F-16F7-4668-BE54-9A1E7A4F7556}") = "Config.Core", "Config.Core\Config.Core.csproj", "{B0EEA520-2A67-481B-BE6C-46674B44F890}"
EndProject
Project("{9A19103F-16F7-4668-BE54-9A1E7A4F7556}") = "Config.Framework", "Config.Framework\Config.Framework.csproj", "{4CAD4D03-0BA5-428F-994A-8D46926E2611}"
EndProject
Project("{9A19103F-16F7-4668-BE54-9A1E7A4F7556}") = "Interface.Config", "Interface.Config\Interface.Config.csproj", "{28073879-2B32-4354-95D0-7B5A3AE21744}"
EndProject
Project("{9A19103F-16F7-4668-BE54-9A1E7A4F7556}") = "CommonCore", "..\CommonCore\CommonCore.csproj", "{A5009710-76DB-4C84-8285-78498111CE62}"
EndProject
Project("{9A19103F-16F7-4668-BE54-9A1E7A4F7556}") = "ConfigAPI", "ConfigAPI\ConfigAPI.csproj", "{BD9F82B3-2118-4C80-87D3-11965D08A41A}"
EndProject
Project("{00D1A9C2-B5F0-4AF3-8072-F6C62B433612}") = "Database", "Database\Database.sqlproj", "{9A488867-CBE3-4E46-92D4-896F405E9427}"
EndProject
Project("{9A19103F-16F7-4668-BE54-9A1E7A4F7556}") = "CommonAPI", "..\CommonAPI\CommonAPI.csproj", "{8810D5CF-58FC-4E72-8732-EB7FDA65E861}"
EndProject
Project("{9A19103F-16F7-4668-BE54-9A1E7A4F7556}") = "TestClient", "TestClient\TestClient.csproj", "{4FC5737B-AB98-45BB-9D66-758790F826CB}"
EndProject
Project("{2150E333-8FDC-42A3-9474-1A3956D46DE8}") = "Solution Items", "Solution Items", "{FC04964D-DE5F-4B03-A185-55080E0A34C4}"
	ProjectSection(SolutionItems) = preProject
		..\.editorconfig = ..\.editorconfig
	EndProjectSection
EndProject
Project("{FAE04EC0-301F-11D3-BF4B-00C04F79EFBC}") = "CommonData", "..\CommonData\CommonData.csproj", "{1FD64B97-6A34-403C-ADD6-A02A19E19743}"
EndProject
Global
	GlobalSection(SolutionConfigurationPlatforms) = preSolution
		Debug|Any CPU = Debug|Any CPU
		Release|Any CPU = Release|Any CPU
	EndGlobalSection
	GlobalSection(ProjectConfigurationPlatforms) = postSolution
		{1E81E6C6-C0BC-4C91-AE8E-2B40F81FF562}.Debug|Any CPU.ActiveCfg = Debug|Any CPU
		{1E81E6C6-C0BC-4C91-AE8E-2B40F81FF562}.Debug|Any CPU.Build.0 = Debug|Any CPU
		{1E81E6C6-C0BC-4C91-AE8E-2B40F81FF562}.Release|Any CPU.ActiveCfg = Release|Any CPU
		{1E81E6C6-C0BC-4C91-AE8E-2B40F81FF562}.Release|Any CPU.Build.0 = Release|Any CPU
		{B0EEA520-2A67-481B-BE6C-46674B44F890}.Debug|Any CPU.ActiveCfg = Debug|Any CPU
		{B0EEA520-2A67-481B-BE6C-46674B44F890}.Debug|Any CPU.Build.0 = Debug|Any CPU
		{B0EEA520-2A67-481B-BE6C-46674B44F890}.Release|Any CPU.ActiveCfg = Release|Any CPU
		{B0EEA520-2A67-481B-BE6C-46674B44F890}.Release|Any CPU.Build.0 = Release|Any CPU
		{4CAD4D03-0BA5-428F-994A-8D46926E2611}.Debug|Any CPU.ActiveCfg = Debug|Any CPU
		{4CAD4D03-0BA5-428F-994A-8D46926E2611}.Debug|Any CPU.Build.0 = Debug|Any CPU
		{4CAD4D03-0BA5-428F-994A-8D46926E2611}.Release|Any CPU.ActiveCfg = Release|Any CPU
		{4CAD4D03-0BA5-428F-994A-8D46926E2611}.Release|Any CPU.Build.0 = Release|Any CPU
		{28073879-2B32-4354-95D0-7B5A3AE21744}.Debug|Any CPU.ActiveCfg = Debug|Any CPU
		{28073879-2B32-4354-95D0-7B5A3AE21744}.Debug|Any CPU.Build.0 = Debug|Any CPU
		{28073879-2B32-4354-95D0-7B5A3AE21744}.Release|Any CPU.ActiveCfg = Release|Any CPU
		{28073879-2B32-4354-95D0-7B5A3AE21744}.Release|Any CPU.Build.0 = Release|Any CPU
		{A5009710-76DB-4C84-8285-78498111CE62}.Debug|Any CPU.ActiveCfg = Debug|Any CPU
		{A5009710-76DB-4C84-8285-78498111CE62}.Debug|Any CPU.Build.0 = Debug|Any CPU
		{A5009710-76DB-4C84-8285-78498111CE62}.Release|Any CPU.ActiveCfg = Release|Any CPU
		{A5009710-76DB-4C84-8285-78498111CE62}.Release|Any CPU.Build.0 = Release|Any CPU
		{BD9F82B3-2118-4C80-87D3-11965D08A41A}.Debug|Any CPU.ActiveCfg = Debug|Any CPU
		{BD9F82B3-2118-4C80-87D3-11965D08A41A}.Debug|Any CPU.Build.0 = Debug|Any CPU
		{BD9F82B3-2118-4C80-87D3-11965D08A41A}.Release|Any CPU.ActiveCfg = Release|Any CPU
		{BD9F82B3-2118-4C80-87D3-11965D08A41A}.Release|Any CPU.Build.0 = Release|Any CPU
		{9A488867-CBE3-4E46-92D4-896F405E9427}.Debug|Any CPU.ActiveCfg = Debug|Any CPU
		{9A488867-CBE3-4E46-92D4-896F405E9427}.Debug|Any CPU.Deploy.0 = Debug|Any CPU
		{9A488867-CBE3-4E46-92D4-896F405E9427}.Release|Any CPU.ActiveCfg = Release|Any CPU
		{9A488867-CBE3-4E46-92D4-896F405E9427}.Release|Any CPU.Build.0 = Release|Any CPU
		{9A488867-CBE3-4E46-92D4-896F405E9427}.Release|Any CPU.Deploy.0 = Release|Any CPU
		{8810D5CF-58FC-4E72-8732-EB7FDA65E861}.Debug|Any CPU.ActiveCfg = Debug|Any CPU
		{8810D5CF-58FC-4E72-8732-EB7FDA65E861}.Debug|Any CPU.Build.0 = Debug|Any CPU
		{8810D5CF-58FC-4E72-8732-EB7FDA65E861}.Release|Any CPU.ActiveCfg = Release|Any CPU
		{8810D5CF-58FC-4E72-8732-EB7FDA65E861}.Release|Any CPU.Build.0 = Release|Any CPU
		{4FC5737B-AB98-45BB-9D66-758790F826CB}.Debug|Any CPU.ActiveCfg = Debug|Any CPU
		{4FC5737B-AB98-45BB-9D66-758790F826CB}.Debug|Any CPU.Build.0 = Debug|Any CPU
		{4FC5737B-AB98-45BB-9D66-758790F826CB}.Release|Any CPU.ActiveCfg = Release|Any CPU
		{4FC5737B-AB98-45BB-9D66-758790F826CB}.Release|Any CPU.Build.0 = Release|Any CPU
		{1FD64B97-6A34-403C-ADD6-A02A19E19743}.Debug|Any CPU.ActiveCfg = Debug|Any CPU
		{1FD64B97-6A34-403C-ADD6-A02A19E19743}.Debug|Any CPU.Build.0 = Debug|Any CPU
		{1FD64B97-6A34-403C-ADD6-A02A19E19743}.Release|Any CPU.ActiveCfg = Release|Any CPU
		{1FD64B97-6A34-403C-ADD6-A02A19E19743}.Release|Any CPU.Build.0 = Release|Any CPU
	EndGlobalSection
	GlobalSection(SolutionProperties) = preSolution
		HideSolutionNode = FALSE
	EndGlobalSection
	GlobalSection(ExtensibilityGlobals) = postSolution
		SolutionGuid = {23F8C26E-7DEF-48C3-B770-3DAB509253B8}
	EndGlobalSection
EndGlobal
