
Microsoft Visual Studio Solution File, Format Version 12.00
# Visual Studio Version 17
VisualStudioVersion = 17.0.31912.275
MinimumVisualStudioVersion = 10.0.40219.1
Project("{9A19103F-16F7-4668-BE54-9A1E7A4F7556}") = "Config.Data", "Config.Data\Config.Data.csproj", "{1E81E6C6-C0BC-4C91-AE8E-2B40F81FF562}"
EndProject
Project("{9A19103F-16F7-4668-BE54-9A1E7A4F7556}") = "Config.Core", "Config.Core\Config.Core.csproj", "{B0EEA520-2A67-481B-BE6C-46674B44F890}"
EndProject
Project("{9A19103F-16F7-4668-BE54-9A1E7A4F7556}") = "Config.Framework", "Config.Framework\Config.Framework.csproj", "{4CAD4D03-0BA5-428F-994A-8D46926E2611}"
EndProject
Project("{9A19103F-16F7-4668-BE54-9A1E7A4F7556}") = "Interface.Config", "Interface.Config\Interface.Config.csproj", "{28073879-2B32-4354-95D0-7B5A3AE21744}"
EndProject
Project("{9A19103F-16F7-4668-BE54-9A1E7A4F7556}") = "CommonCore", "..\CommonCore\CommonCore.csproj", "{A5009710-76DB-4C84-8285-78498111CE62}"
EndProject
Project("{9A19103F-16F7-4668-BE54-9A1E7A4F7556}") = "ConfigAPI", "ConfigAPI\ConfigAPI.csproj", "{BD9F82B3-2118-4C80-87D3-11965D08A41A}"
EndProject
Project("{00D1A9C2-B5F0-4AF3-8072-F6C62B433612}") = "Database", "Database\Database.sqlproj", "{9A488867-CBE3-4E46-92D4-896F405E9427}"
EndProject
Global
	GlobalSection(SolutionConfigurationPlatforms) = preSolution
		Debug|Any CPU = Debug|Any CPU
		Release|Any CPU = Release|Any CPU
	EndGlobalSection
	GlobalSection(ProjectConfigurationPlatforms) = postSolution
		{1E81E6C6-C0BC-4C91-AE8E-2B40F81FF562}.Debug|Any CPU.ActiveCfg = Debug|Any CPU
		{1E81E6C6-C0BC-4C91-AE8E-2B40F81FF562}.Debug|Any CPU.Build.0 = Debug|Any CPU
		{1E81E6C6-C0BC-4C91-AE8E-2B40F81FF562}.Release|Any CPU.ActiveCfg = Release|Any CPU
		{1E81E6C6-C0BC-4C91-AE8E-2B40F81FF562}.Release|Any CPU.Build.0 = Release|Any CPU
		{B0EEA520-2A67-481B-BE6C-46674B44F890}.Debug|Any CPU.ActiveCfg = Debug|Any CPU
		{B0EEA520-2A67-481B-BE6C-46674B44F890}.Debug|Any CPU.Build.0 = Debug|Any CPU
		{B0EEA520-2A67-481B-BE6C-46674B44F890}.Release|Any CPU.ActiveCfg = Release|Any CPU
		{B0EEA520-2A67-481B-BE6C-46674B44F890}.Release|Any CPU.Build.0 = Release|Any CPU
		{4CAD4D03-0BA5-428F-994A-8D46926E2611}.Debug|Any CPU.ActiveCfg = Debug|Any CPU
		{4CAD4D03-0BA5-428F-994A-8D46926E2611}.Debug|Any CPU.Build.0 = Debug|Any CPU
		{4CAD4D03-0BA5-428F-994A-8D46926E2611}.Release|Any CPU.ActiveCfg = Release|Any CPU
		{4CAD4D03-0BA5-428F-994A-8D46926E2611}.Release|Any CPU.Build.0 = Release|Any CPU
		{28073879-2B32-4354-95D0-7B5A3AE21744}.Debug|Any CPU.ActiveCfg = Debug|Any CPU
		{28073879-2B32-4354-95D0-7B5A3AE21744}.Debug|Any CPU.Build.0 = Debug|Any CPU
		{28073879-2B32-4354-95D0-7B5A3AE21744}.Release|Any CPU.ActiveCfg = Release|Any CPU
		{28073879-2B32-4354-95D0-7B5A3AE21744}.Release|Any CPU.Build.0 = Release|Any CPU
		{A5009710-76DB-4C84-8285-78498111CE62}.Debug|Any CPU.ActiveCfg = Debug|Any CPU
		{A5009710-76DB-4C84-8285-78498111CE62}.Debug|Any CPU.Build.0 = Debug|Any CPU
		{A5009710-76DB-4C84-8285-78498111CE62}.Release|Any CPU.ActiveCfg = Release|Any CPU
		{A5009710-76DB-4C84-8285-78498111CE62}.Release|Any CPU.Build.0 = Release|Any CPU
		{BD9F82B3-2118-4C80-87D3-11965D08A41A}.Debug|Any CPU.ActiveCfg = Debug|Any CPU
		{BD9F82B3-2118-4C80-87D3-11965D08A41A}.Debug|Any CPU.Build.0 = Debug|Any CPU
		{BD9F82B3-2118-4C80-87D3-11965D08A41A}.Release|Any CPU.ActiveCfg = Release|Any CPU
		{BD9F82B3-2118-4C80-87D3-11965D08A41A}.Release|Any CPU.Build.0 = Release|Any CPU
		{9A488867-CBE3-4E46-92D4-896F405E9427}.Debug|Any CPU.ActiveCfg = Debug|Any CPU
		{9A488867-CBE3-4E46-92D4-896F405E9427}.Debug|Any CPU.Deploy.0 = Debug|Any CPU
		{9A488867-CBE3-4E46-92D4-896F405E9427}.Release|Any CPU.ActiveCfg = Release|Any CPU
		{9A488867-CBE3-4E46-92D4-896F405E9427}.Release|Any CPU.Build.0 = Release|Any CPU
		{9A488867-CBE3-4E46-92D4-896F405E9427}.Release|Any CPU.Deploy.0 = Release|Any CPU
	EndGlobalSection
	GlobalSection(SolutionProperties) = preSolution
		HideSolutionNode = FALSE
	EndGlobalSection
	GlobalSection(ExtensibilityGlobals) = postSolution
		SolutionGuid = {23F8C26E-7DEF-48C3-B770-3DAB509253B8}
	EndGlobalSection
EndGlobal
