
Microsoft Visual Studio Solution File, Format Version 12.00
# Visual Studio Version 17
VisualStudioVersion = 17.4.33213.308
MinimumVisualStudioVersion = 10.0.40219.1
Project("{9A19103F-16F7-4668-BE54-9A1E7A4F7556}") = "WorkTask.Core", "WorkTask.Core\WorkTask.Core.csproj", "{C26D2C8C-FBEC-429F-BF52-96C45B838339}"
EndProject
Project("{9A19103F-16F7-4668-BE54-9A1E7A4F7556}") = "WorkTask.Data", "WorkTask.Data\WorkTask.Data.csproj", "{191ADED3-1B2F-4A67-AF6B-49CC8AF66BD1}"
EndProject
Project("{9A19103F-16F7-4668-BE54-9A1E7A4F7556}") = "WorkTask.Framework", "WorkTask.Framework\WorkTask.Framework.csproj", "{3FF132FE-9CDB-4C09-A1BC-D72D85CA515A}"
EndProject
Project("{9A19103F-16F7-4668-BE54-9A1E7A4F7556}") = "Interface.WorkTask", "Interface.WorkTask\Interface.WorkTask.csproj", "{8F92894F-188B-474F-8EF7-45BA280EB003}"
EndProject
Project("{00D1A9C2-B5F0-4AF3-8072-F6C62B433612}") = "Database", "Database\Database.sqlproj", "{CDC3049F-217E-4232-9E6B-D511A8CF67D1}"
EndProject
Project("{9A19103F-16F7-4668-BE54-9A1E7A4F7556}") = "WorkTaskAPI", "WorkTaskAPI\WorkTaskAPI.csproj", "{7F89F44A-747C-430C-AC4F-870F45847230}"
EndProject
Project("{9A19103F-16F7-4668-BE54-9A1E7A4F7556}") = "CommonCore", "..\CommonCore\CommonCore.csproj", "{4C74B0D8-210E-4EB8-A572-816606D335A8}"
EndProject
Project("{9A19103F-16F7-4668-BE54-9A1E7A4F7556}") = "CommonAPI", "..\CommonAPI\CommonAPI.csproj", "{4EC24ED6-38C0-4A15-9E64-D45B3B06A876}"
EndProject
Project("{9A19103F-16F7-4668-BE54-9A1E7A4F7556}") = "WorkTask.Core.Test", "WorkTask.Core.Test\WorkTask.Core.Test.csproj", "{58854C7B-8BEC-46EE-A962-4C8BFA57C516}"
EndProject
Project("{2150E333-8FDC-42A3-9474-1A3956D46DE8}") = "Solution Items", "Solution Items", "{05A2D0DC-B788-471B-A141-0F55FF59EDD7}"
	ProjectSection(SolutionItems) = preProject
		..\.editorconfig = ..\.editorconfig
	EndProjectSection
EndProject
Project("{9A19103F-16F7-4668-BE54-9A1E7A4F7556}") = "TestClient", "TestClient\TestClient.csproj", "{5E67B569-3FA6-43AA-8CDC-BAE0E3F96090}"
EndProject
Project("{9A19103F-16F7-4668-BE54-9A1E7A4F7556}") = "Purger", "Purger\Purger.csproj", "{541BA26D-BF89-4642-A684-CEA30CE39618}"
EndProject
Project("{9A19103F-16F7-4668-BE54-9A1E7A4F7556}") = "WorkTaskRPC", "WorkTaskRPC\WorkTaskRPC.csproj", "{17E44973-EFA7-4F90-A4C5-F733E27662AD}"
EndProject
Global
	GlobalSection(SolutionConfigurationPlatforms) = preSolution
		Debug|Any CPU = Debug|Any CPU
		Release|Any CPU = Release|Any CPU
	EndGlobalSection
	GlobalSection(ProjectConfigurationPlatforms) = postSolution
		{C26D2C8C-FBEC-429F-BF52-96C45B838339}.Debug|Any CPU.ActiveCfg = Debug|Any CPU
		{C26D2C8C-FBEC-429F-BF52-96C45B838339}.Debug|Any CPU.Build.0 = Debug|Any CPU
		{C26D2C8C-FBEC-429F-BF52-96C45B838339}.Release|Any CPU.ActiveCfg = Release|Any CPU
		{C26D2C8C-FBEC-429F-BF52-96C45B838339}.Release|Any CPU.Build.0 = Release|Any CPU
		{191ADED3-1B2F-4A67-AF6B-49CC8AF66BD1}.Debug|Any CPU.ActiveCfg = Debug|Any CPU
		{191ADED3-1B2F-4A67-AF6B-49CC8AF66BD1}.Debug|Any CPU.Build.0 = Debug|Any CPU
		{191ADED3-1B2F-4A67-AF6B-49CC8AF66BD1}.Release|Any CPU.ActiveCfg = Release|Any CPU
		{191ADED3-1B2F-4A67-AF6B-49CC8AF66BD1}.Release|Any CPU.Build.0 = Release|Any CPU
		{3FF132FE-9CDB-4C09-A1BC-D72D85CA515A}.Debug|Any CPU.ActiveCfg = Debug|Any CPU
		{3FF132FE-9CDB-4C09-A1BC-D72D85CA515A}.Debug|Any CPU.Build.0 = Debug|Any CPU
		{3FF132FE-9CDB-4C09-A1BC-D72D85CA515A}.Release|Any CPU.ActiveCfg = Release|Any CPU
		{3FF132FE-9CDB-4C09-A1BC-D72D85CA515A}.Release|Any CPU.Build.0 = Release|Any CPU
		{8F92894F-188B-474F-8EF7-45BA280EB003}.Debug|Any CPU.ActiveCfg = Debug|Any CPU
		{8F92894F-188B-474F-8EF7-45BA280EB003}.Debug|Any CPU.Build.0 = Debug|Any CPU
		{8F92894F-188B-474F-8EF7-45BA280EB003}.Release|Any CPU.ActiveCfg = Release|Any CPU
		{8F92894F-188B-474F-8EF7-45BA280EB003}.Release|Any CPU.Build.0 = Release|Any CPU
		{CDC3049F-217E-4232-9E6B-D511A8CF67D1}.Debug|Any CPU.ActiveCfg = Debug|Any CPU
		{CDC3049F-217E-4232-9E6B-D511A8CF67D1}.Debug|Any CPU.Deploy.0 = Debug|Any CPU
		{CDC3049F-217E-4232-9E6B-D511A8CF67D1}.Release|Any CPU.ActiveCfg = Release|Any CPU
		{CDC3049F-217E-4232-9E6B-D511A8CF67D1}.Release|Any CPU.Build.0 = Release|Any CPU
		{CDC3049F-217E-4232-9E6B-D511A8CF67D1}.Release|Any CPU.Deploy.0 = Release|Any CPU
		{7F89F44A-747C-430C-AC4F-870F45847230}.Debug|Any CPU.ActiveCfg = Debug|Any CPU
		{7F89F44A-747C-430C-AC4F-870F45847230}.Debug|Any CPU.Build.0 = Debug|Any CPU
		{7F89F44A-747C-430C-AC4F-870F45847230}.Release|Any CPU.ActiveCfg = Release|Any CPU
		{7F89F44A-747C-430C-AC4F-870F45847230}.Release|Any CPU.Build.0 = Release|Any CPU
		{4C74B0D8-210E-4EB8-A572-816606D335A8}.Debug|Any CPU.ActiveCfg = Debug|Any CPU
		{4C74B0D8-210E-4EB8-A572-816606D335A8}.Debug|Any CPU.Build.0 = Debug|Any CPU
		{4C74B0D8-210E-4EB8-A572-816606D335A8}.Release|Any CPU.ActiveCfg = Release|Any CPU
		{4C74B0D8-210E-4EB8-A572-816606D335A8}.Release|Any CPU.Build.0 = Release|Any CPU
		{4EC24ED6-38C0-4A15-9E64-D45B3B06A876}.Debug|Any CPU.ActiveCfg = Debug|Any CPU
		{4EC24ED6-38C0-4A15-9E64-D45B3B06A876}.Debug|Any CPU.Build.0 = Debug|Any CPU
		{4EC24ED6-38C0-4A15-9E64-D45B3B06A876}.Release|Any CPU.ActiveCfg = Release|Any CPU
		{4EC24ED6-38C0-4A15-9E64-D45B3B06A876}.Release|Any CPU.Build.0 = Release|Any CPU
		{58854C7B-8BEC-46EE-A962-4C8BFA57C516}.Debug|Any CPU.ActiveCfg = Debug|Any CPU
		{58854C7B-8BEC-46EE-A962-4C8BFA57C516}.Debug|Any CPU.Build.0 = Debug|Any CPU
		{58854C7B-8BEC-46EE-A962-4C8BFA57C516}.Release|Any CPU.ActiveCfg = Release|Any CPU
		{58854C7B-8BEC-46EE-A962-4C8BFA57C516}.Release|Any CPU.Build.0 = Release|Any CPU
		{5E67B569-3FA6-43AA-8CDC-BAE0E3F96090}.Debug|Any CPU.ActiveCfg = Debug|Any CPU
		{5E67B569-3FA6-43AA-8CDC-BAE0E3F96090}.Debug|Any CPU.Build.0 = Debug|Any CPU
		{5E67B569-3FA6-43AA-8CDC-BAE0E3F96090}.Release|Any CPU.ActiveCfg = Release|Any CPU
		{5E67B569-3FA6-43AA-8CDC-BAE0E3F96090}.Release|Any CPU.Build.0 = Release|Any CPU
		{541BA26D-BF89-4642-A684-CEA30CE39618}.Debug|Any CPU.ActiveCfg = Debug|Any CPU
		{541BA26D-BF89-4642-A684-CEA30CE39618}.Debug|Any CPU.Build.0 = Debug|Any CPU
		{541BA26D-BF89-4642-A684-CEA30CE39618}.Release|Any CPU.ActiveCfg = Release|Any CPU
		{541BA26D-BF89-4642-A684-CEA30CE39618}.Release|Any CPU.Build.0 = Release|Any CPU
		{17E44973-EFA7-4F90-A4C5-F733E27662AD}.Debug|Any CPU.ActiveCfg = Debug|Any CPU
		{17E44973-EFA7-4F90-A4C5-F733E27662AD}.Debug|Any CPU.Build.0 = Debug|Any CPU
		{17E44973-EFA7-4F90-A4C5-F733E27662AD}.Release|Any CPU.ActiveCfg = Release|Any CPU
		{17E44973-EFA7-4F90-A4C5-F733E27662AD}.Release|Any CPU.Build.0 = Release|Any CPU
	EndGlobalSection
	GlobalSection(SolutionProperties) = preSolution
		HideSolutionNode = FALSE
	EndGlobalSection
	GlobalSection(ExtensibilityGlobals) = postSolution
		SolutionGuid = {B0C9A726-51E8-4492-BEAB-4495BEBEBE8E}
	EndGlobalSection
EndGlobal
